// !$*UTF8*$!
{
	archiveVersion = 1;
	classes = {
	};
	objectVersion = 77;
	objects = {

/* Begin PBXBuildFile section */
		2D65AB23D931CAA866BC0C55 /* PrivacyInfo.xcprivacy in Resources */ = {isa = PBXBuildFile; fileRef = 950B7CB9072AA3D3BD04801E /* PrivacyInfo.xcprivacy */; };
		34B0531CD4DE8CEA4A932612 /* GLMMonitorApp.swift in Sources */ = {isa = PBXBuildFile; fileRef = C16D4FD727950F74C1DF356A /* GLMMonitorApp.swift */; };
		3CBE6F124E8D504DB80CC1EC /* MonitorViewModel.swift in Sources */ = {isa = PBXBuildFile; fileRef = B63DCAE222F8D6D66D70A7C1 /* MonitorViewModel.swift */; };
		681A2293670E547D957B8DFD /* QuotaService.swift in Sources */ = {isa = PBXBuildFile; fileRef = C9AAE8D507C13101625AD27C /* QuotaService.swift */; };
		6CE925F8EAD9F5F73198B522 /* Assets.xcassets in Resources */ = {isa = PBXBuildFile; fileRef = A0FA5153C602CF31841CBC06 /* Assets.xcassets */; };
		938CE93075DB6D98DCDAE9F6 /* SettingsView.swift in Sources */ = {isa = PBXBuildFile; fileRef = F6E37B22179D8221358C8CFB /* SettingsView.swift */; };
		B3D2C356855CF5AA3CBD45CD /* Models.swift in Sources */ = {isa = PBXBuildFile; fileRef = BC5C54A5EB9B88862A3258FC /* Models.swift */; };
		C6D3C3691473B677949E768C /* PanelView.swift in Sources */ = {isa = PBXBuildFile; fileRef = 0D603C37B00A64BF87BF256A /* PanelView.swift */; };
/* End PBXBuildFile section */

/* Begin PBXFileReference section */
		0D603C37B00A64BF87BF256A /* PanelView.swift */ = {isa = PBXFileReference; lastKnownFileType = sourcecode.swift; path = PanelView.swift; sourceTree = "<group>"; };
		531A3E3023045F860E95C7B3 /* GLMMonitor.app */ = {isa = PBXFileReference; explicitFileType = wrapper.application; includeInIndex = 0; path = GLMMonitor.app; sourceTree = BUILT_PRODUCTS_DIR; };
		950B7CB9072AA3D3BD04801E /* PrivacyInfo.xcprivacy */ = {isa = PBXFileReference; path = PrivacyInfo.xcprivacy; sourceTree = "<group>"; };
		A0FA5153C602CF31841CBC06 /* Assets.xcassets */ = {isa = PBXFileReference; lastKnownFileType = folder.assetcatalog; path = Assets.xcassets; sourceTree = "<group>"; };
		B63DCAE222F8D6D66D70A7C1 /* MonitorViewModel.swift */ = {isa = PBXFileReference; lastKnownFileType = sourcecode.swift; path = MonitorViewModel.swift; sourceTree = "<group>"; };
		BC5C54A5EB9B88862A3258FC /* Models.swift */ = {isa = PBXFileReference; lastKnownFileType = sourcecode.swift; path = Models.swift; sourceTree = "<group>"; };
		C16D4FD727950F74C1DF356A /* GLMMonitorApp.swift */ = {isa = PBXFileReference; lastKnownFileType = sourcecode.swift; path = GLMMonitorApp.swift; sourceTree = "<group>"; };
		C9AAE8D507C13101625AD27C /* QuotaService.swift */ = {isa = PBXFileReference; lastKnownFileType = sourcecode.swift; path = QuotaService.swift; sourceTree = "<group>"; };
		F6E37B22179D8221358C8CFB /* SettingsView.swift */ = {isa = PBXFileReference; lastKnownFileType = sourcecode.swift; path = SettingsView.swift; sourceTree = "<group>"; };
/* End PBXFileReference section */

/* Begin PBXGroup section */
		4898262CB5ECEFBBEFF36642 /* Products */ = {
			isa = PBXGroup;
			children = (
				531A3E3023045F860E95C7B3 /* GLMMonitor.app */,
			);
			name = Products;
			sourceTree = "<group>";
		};
		A94714D0BD0A0C1EDCC51C88 = {
			isa = PBXGroup;
			children = (
				A0FA5153C602CF31841CBC06 /* Assets.xcassets */,
				950B7CB9072AA3D3BD04801E /* PrivacyInfo.xcprivacy */,
				BAD4F8165ED427FBB6DCE1F0 /* GLMMonitor */,
				4898262CB5ECEFBBEFF36642 /* Products */,
			);
			sourceTree = "<group>";
		};
		BAD4F8165ED427FBB6DCE1F0 /* GLMMonitor */ = {
			isa = PBXGroup;
			children = (
				C16D4FD727950F74C1DF356A /* GLMMonitorApp.swift */,
				BC5C54A5EB9B88862A3258FC /* Models.swift */,
				B63DCAE222F8D6D66D70A7C1 /* MonitorViewModel.swift */,
				0D603C37B00A64BF87BF256A /* PanelView.swift */,
				C9AAE8D507C13101625AD27C /* QuotaService.swift */,
				F6E37B22179D8221358C8CFB /* SettingsView.swift */,
			);
			name = GLMMonitor;
			path = Sources/GLMMonitor;
			sourceTree = "<group>";
		};
/* End PBXGroup section */

/* Begin PBXNativeTarget section */
		9D4958357F0F27D0C9F1191F /* GLMMonitor */ = {
			isa = PBXNativeTarget;
			buildConfigurationList = 430C770408CF966EC01D15FD /* Build configuration list for PBXNativeTarget "GLMMonitor" */;
			buildPhases = (
				C075541618BCDBC02116BF1C /* Sources */,
				A0B8A1E8DA3074D9E2782D5B /* Resources */,
			);
			buildRules = (
			);
			dependencies = (
			);
			name = GLMMonitor;
			packageProductDependencies = (
			);
			productName = GLMMonitor;
			productReference = 531A3E3023045F860E95C7B3 /* GLMMonitor.app */;
			productType = "com.apple.product-type.application";
		};
/* End PBXNativeTarget section */

/* Begin PBXProject section */
		BB6D39D037E005EECF77962B /* Project object */ = {
			isa = PBXProject;
			attributes = {
				BuildIndependentTargetsInParallel = YES;
				LastUpgradeCheck = 1430;
				TargetAttributes = {
					9D4958357F0F27D0C9F1191F = {
						DevelopmentTeam = P7AQ8USFDY;
						ProvisioningStyle = Automatic;
					};
				};
			};
			buildConfigurationList = 5DD23EB0625F72B3ACB39BB5 /* Build configuration list for PBXProject "GLMMonitor" */;
			developmentRegion = en;
			hasScannedForEncodings = 0;
			knownRegions = (
				Base,
				en,
			);
			mainGroup = A94714D0BD0A0C1EDCC51C88;
			minimizedProjectReferenceProxies = 1;
			preferredProjectObjectVersion = 77;
			productRefGroup = 4898262CB5ECEFBBEFF36642 /* Products */;
			projectDirPath = "";
			projectRoot = "";
			targets = (
				9D4958357F0F27D0C9F1191F /* GLMMonitor */,
			);
		};
/* End PBXProject section */

/* Begin PBXResourcesBuildPhase section */
		A0B8A1E8DA3074D9E2782D5B /* Resources */ = {
			isa = PBXResourcesBuildPhase;
			buildActionMask = 2147483647;
			files = (
				6CE925F8EAD9F5F73198B522 /* Assets.xcassets in Resources */,
				2D65AB23D931CAA866BC0C55 /* PrivacyInfo.xcprivacy in Resources */,
			);
			runOnlyForDeploymentPostprocessing = 0;
		};
/* End PBXResourcesBuildPhase section */

/* Begin PBXSourcesBuildPhase section */
		C075541618BCDBC02116BF1C /* Sources */ = {
			isa = PBXSourcesBuildPhase;
			buildActionMask = 2147483647;
			files = (
				34B0531CD4DE8CEA4A932612 /* GLMMonitorApp.swift in Sources */,
				B3D2C356855CF5AA3CBD45CD /* Models.swift in Sources */,
				3CBE6F124E8D504DB80CC1EC /* MonitorViewModel.swift in Sources */,
				C6D3C3691473B677949E768C /* PanelView.swift in Sources */,
				681A2293670E547D957B8DFD /* QuotaService.swift in Sources */,
				938CE93075DB6D98DCDAE9F6 /* SettingsView.swift in Sources */,
			);
			runOnlyForDeploymentPostprocessing = 0;
		};
/* End PBXSourcesBuildPhase section */

/* Begin XCBuildConfiguration section */
		41D4E9F8894061DA947A5AEB /* Release */ = {
			isa = XCBuildConfiguration;
			buildSettings = {
				ALWAYS_SEARCH_USER_PATHS = NO;
				CLANG_ANALYZER_NONNULL = YES;
				CLANG_ANALYZER_NUMBER_OBJECT_CONVERSION = YES_AGGRESSIVE;
				CLANG_CXX_LANGUAGE_STANDARD = "gnu++14";
				CLANG_CXX_LIBRARY = "libc++";
				CLANG_ENABLE_MODULES = YES;
				CLANG_ENABLE_OBJC_ARC = YES;
				CLANG_ENABLE_OBJC_WEAK = YES;
				CLANG_WARN_BLOCK_CAPTURE_AUTORELEASING = YES;
				CLANG_WARN_BOOL_CONVERSION = YES;
				CLANG_WARN_COMMA = YES;
				CLANG_WARN_CONSTANT_CONVERSION = YES;
				CLANG_WARN_DEPRECATED_OBJC_IMPLEMENTATIONS = YES;
				CLANG_WARN_DIRECT_OBJC_ISA_USAGE = YES_ERROR;
				CLANG_WARN_DOCUMENTATION_COMMENTS = YES;
				CLANG_WARN_EMPTY_BODY = YES;
				CLANG_WARN_ENUM_CONVERSION = YES;
				CLANG_WARN_INFINITE_RECURSION = YES;
				CLANG_WARN_INT_CONVERSION = YES;
				CLANG_WARN_NON_LITERAL_NULL_CONVERSION = YES;
				CLANG_WARN_OBJC_IMPLICIT_RETAIN_SELF = YES;
				CLANG_WARN_OBJC_LITERAL_CONVERSION = YES;
				CLANG_WARN_OBJC_ROOT_CLASS = YES_ERROR;
				CLANG_WARN_QUOTED_INCLUDE_IN_FRAMEWORK_HEADER = YES;
				CLANG_WARN_RANGE_LOOP_ANALYSIS = YES;
				CLANG_WARN_STRICT_PROTOTYPES = YES;
				CLANG_WARN_SUSPICIOUS_MOVE = YES;
				CLANG_WARN_UNGUARDED_AVAILABILITY = YES_AGGRESSIVE;
				CLANG_WARN_UNREACHABLE_CODE = YES;
				CLANG_WARN__DUPLICATE_METHOD_MATCH = YES;
				COPY_PHASE_STRIP = NO;
				DEBUG_INFORMATION_FORMAT = "dwarf-with-dsym";
				ENABLE_NS_ASSERTIONS = NO;
				ENABLE_STRICT_OBJC_MSGSEND = YES;
				GCC_C_LANGUAGE_STANDARD = gnu11;
				GCC_NO_COMMON_BLOCKS = YES;
				GCC_WARN_64_TO_32_BIT_CONVERSION = YES;
				GCC_WARN_ABOUT_RETURN_TYPE = YES_ERROR;
				GCC_WARN_UNDECLARED_SELECTOR = YES;
				GCC_WARN_UNINITIALIZED_AUTOS = YES_AGGRESSIVE;
				GCC_WARN_UNUSED_FUNCTION = YES;
				GCC_WARN_UNUSED_VARIABLE = YES;
				MACOSX_DEPLOYMENT_TARGET = 14.0;
				MTL_ENABLE_DEBUG_INFO = NO;
				MTL_FAST_MATH = YES;
				PRODUCT_NAME = "$(TARGET_NAME)";
				SDKROOT = macosx;
				SWIFT_COMPILATION_MODE = wholemodule;
				SWIFT_OPTIMIZATION_LEVEL = "-O";
				SWIFT_VERSION = 5.0;
			};
			name = Release;
		};
		921A10925655A6DCF626F560 /* Debug */ = {
			isa = XCBuildConfiguration;
			buildSettings = {
				ASSETCATALOG_COMPILER_APPICON_NAME = AppIcon;
				ASSETCATALOG_COMPILER_GLOBAL_ACCENT_COLOR_NAME = "";
				CODE_SIGN_ENTITLEMENTS = GLMMonitor.entitlements;
				CODE_SIGN_IDENTITY = "-";
				CODE_SIGN_STYLE = Automatic;
				COMBINE_HIDPI_IMAGES = YES;
				CURRENT_PROJECT_VERSION = 1;
				DEVELOPMENT_TEAM = P7AQ8USFDY;
				ENABLE_HARDENED_RUNTIME = YES;
				GENERATE_INFOPLIST_FILE = YES;
				INFOPLIST_KEY_CFBundleDisplayName = "GLM 监控";
				INFOPLIST_KEY_LSApplicationCategoryType = "public.app-category.utilities";
				INFOPLIST_KEY_LSUIElement = YES;
				INFOPLIST_KEY_NSHumanReadableCopyright = "";
				LD_RUNPATH_SEARCH_PATHS = (
					"$(inherited)",
					"@executable_path/../Frameworks",
				);
				MARKETING_VERSION = 1.0;
				PRODUCT_BUNDLE_IDENTIFIER = com.lizhen.GLMMonitor;
				PRODUCT_NAME = GLMMonitor;
				SDKROOT = macosx;
				SWIFT_VERSION = 6.0;
			};
			name = Debug;
		};
		ECBE34C7FB3E0464F89FF83B /* Debug */ = {
			isa = XCBuildConfiguration;
			buildSettings = {
				ALWAYS_SEARCH_USER_PATHS = NO;
				CLANG_ANALYZER_NONNULL = YES;
				CLANG_ANALYZER_NUMBER_OBJECT_CONVERSION = YES_AGGRESSIVE;
				CLANG_CXX_LANGUAGE_STANDARD = "gnu++14";
				CLANG_CXX_LIBRARY = "libc++";
				CLANG_ENABLE_MODULES = YES;
				CLANG_ENABLE_OBJC_ARC = YES;
				CLANG_ENABLE_OBJC_WEAK = YES;
				CLANG_WARN_BLOCK_CAPTURE_AUTORELEASING = YES;
				CLANG_WARN_BOOL_CONVERSION = YES;
				CLANG_WARN_COMMA = YES;
				CLANG_WARN_CONSTANT_CONVERSION = YES;
				CLANG_WARN_DEPRECATED_OBJC_IMPLEMENTATIONS = YES;
				CLANG_WARN_DIRECT_OBJC_ISA_USAGE = YES_ERROR;
				CLANG_WARN_DOCUMENTATION_COMMENTS = YES;
				CLANG_WARN_EMPTY_BODY = YES;
				CLANG_WARN_ENUM_CONVERSION = YES;
				CLANG_WARN_INFINITE_RECURSION = YES;
				CLANG_WARN_INT_CONVERSION = YES;
				CLANG_WARN_NON_LITERAL_NULL_CONVERSION = YES;
				CLANG_WARN_OBJC_IMPLICIT_RETAIN_SELF = YES;
				CLANG_WARN_OBJC_LITERAL_CONVERSION = YES;
				CLANG_WARN_OBJC_ROOT_CLASS = YES_ERROR;
				CLANG_WARN_QUOTED_INCLUDE_IN_FRAMEWORK_HEADER = YES;
				CLANG_WARN_RANGE_LOOP_ANALYSIS = YES;
				CLANG_WARN_STRICT_PROTOTYPES = YES;
				CLANG_WARN_SUSPICIOUS_MOVE = YES;
				CLANG_WARN_UNGUARDED_AVAILABILITY = YES_AGGRESSIVE;
				CLANG_WARN_UNREACHABLE_CODE = YES;
				CLANG_WARN__DUPLICATE_METHOD_MATCH = YES;
				COPY_PHASE_STRIP = NO;
				DEBUG_INFORMATION_FORMAT = dwarf;
				ENABLE_STRICT_OBJC_MSGSEND = YES;
				ENABLE_TESTABILITY = YES;
				GCC_C_LANGUAGE_STANDARD = gnu11;
				GCC_DYNAMIC_NO_PIC = NO;
				GCC_NO_COMMON_BLOCKS = YES;
				GCC_OPTIMIZATION_LEVEL = 0;
				GCC_PREPROCESSOR_DEFINITIONS = (
					"$(inherited)",
					"DEBUG=1",
				);
				GCC_WARN_64_TO_32_BIT_CONVERSION = YES;
				GCC_WARN_ABOUT_RETURN_TYPE = YES_ERROR;
				GCC_WARN_UNDECLARED_SELECTOR = YES;
				GCC_WARN_UNINITIALIZED_AUTOS = YES_AGGRESSIVE;
				GCC_WARN_UNUSED_FUNCTION = YES;
				GCC_WARN_UNUSED_VARIABLE = YES;
				MACOSX_DEPLOYMENT_TARGET = 14.0;
				MTL_ENABLE_DEBUG_INFO = INCLUDE_SOURCE;
				MTL_FAST_MATH = YES;
				ONLY_ACTIVE_ARCH = YES;
				PRODUCT_NAME = "$(TARGET_NAME)";
				SDKROOT = macosx;
				SWIFT_ACTIVE_COMPILATION_CONDITIONS = DEBUG;
				SWIFT_OPTIMIZATION_LEVEL = "-Onone";
				SWIFT_VERSION = 5.0;
			};
			name = Debug;
		};
		F0B45CFFE2EFA6A6998DA5A7 /* Release */ = {
			isa = XCBuildConfiguration;
			buildSettings = {
				ASSETCATALOG_COMPILER_APPICON_NAME = AppIcon;
				ASSETCATALOG_COMPILER_GLOBAL_ACCENT_COLOR_NAME = "";
				CODE_SIGN_ENTITLEMENTS = GLMMonitor.entitlements;
				CODE_SIGN_IDENTITY = "Apple Distribution";
				CODE_SIGN_STYLE = Automatic;
				COMBINE_HIDPI_IMAGES = YES;
				CURRENT_PROJECT_VERSION = 1;
				DEVELOPMENT_TEAM = P7AQ8USFDY;
				ENABLE_HARDENED_RUNTIME = YES;
				GENERATE_INFOPLIST_FILE = YES;
				INFOPLIST_KEY_CFBundleDisplayName = "GLM 监控";
				INFOPLIST_KEY_LSApplicationCategoryType = "public.app-category.utilities";
				INFOPLIST_KEY_LSUIElement = YES;
				INFOPLIST_KEY_NSHumanReadableCopyright = "";
				LD_RUNPATH_SEARCH_PATHS = (
					"$(inherited)",
					"@executable_path/../Frameworks",
				);
				MARKETING_VERSION = 1.0;
				PRODUCT_BUNDLE_IDENTIFIER = com.lizhen.GLMMonitor;
				PRODUCT_NAME = GLMMonitor;
				SDKROOT = macosx;
				SWIFT_VERSION = 6.0;
			};
			name = Release;
		};
/* End XCBuildConfiguration section */

/* Begin XCConfigurationList section */
		430C770408CF966EC01D15FD /* Build configuration list for PBXNativeTarget "GLMMonitor" */ = {
			isa = XCConfigurationList;
			buildConfigurations = (
				921A10925655A6DCF626F560 /* Debug */,
				F0B45CFFE2EFA6A6998DA5A7 /* Release */,
			);
			defaultConfigurationIsVisible = 0;
			defaultConfigurationName = Debug;
		};
		5DD23EB0625F72B3ACB39BB5 /* Build configuration list for PBXProject "GLMMonitor" */ = {
			isa = XCConfigurationList;
			buildConfigurations = (
				ECBE34C7FB3E0464F89FF83B /* Debug */,
				41D4E9F8894061DA947A5AEB /* Release */,
			);
			defaultConfigurationIsVisible = 0;
			defaultConfigurationName = Debug;
		};
/* End XCConfigurationList section */
	};
	rootObject = BB6D39D037E005EECF77962B /* Project object */;
}
