// !$*UTF8*$!
{
	archiveVersion = 1;
	classes = {
	};
	objectVersion = 77;
	objects = {

/* Begin PBXBuildFile section */
		18E06ECB45BAB9F66FB8F81D /* Assets.xcassets in Resources */ = {isa = PBXBuildFile; fileRef = E14FEA6DC9AC384C7D406A84 /* Assets.xcassets */; };
		19670FA9918A6A2C925F4673 /* Models.swift in Sources */ = {isa = PBXBuildFile; fileRef = ED8C835A44CD9AEE1DC3B536 /* Models.swift */; };
		49532DDA76FF1F8382744539 /* CodingPlanMonitorApp.swift in Sources */ = {isa = PBXBuildFile; fileRef = 8842FABD9A85E62E15B67D4E /* CodingPlanMonitorApp.swift */; };
		5B171DC2FB0B06A49A952A76 /* MonitorViewModel.swift in Sources */ = {isa = PBXBuildFile; fileRef = 04AAFC420893BD6BE17A8FA7 /* MonitorViewModel.swift */; };
		5EA2B3A5E882ED3C6B2A341B /* QuotaService.swift in Sources */ = {isa = PBXBuildFile; fileRef = 44520B9DD3E8A3DAD87F3E83 /* QuotaService.swift */; };
		6E9165C02FCDB29545FA007F /* PanelView.swift in Sources */ = {isa = PBXBuildFile; fileRef = 568BE32DB04E784176EE3FF0 /* PanelView.swift */; };
		9CA97EA013229047828CBF82 /* SettingsView.swift in Sources */ = {isa = PBXBuildFile; fileRef = 5707DA1B5AAFC2ECCE6F7B46 /* SettingsView.swift */; };
		B952A3DBD5E66D599A504C6C /* PrivacyInfo.xcprivacy in Resources */ = {isa = PBXBuildFile; fileRef = 02424794FED79D3778A777AF /* PrivacyInfo.xcprivacy */; };
/* End PBXBuildFile section */

/* Begin PBXFileReference section */
		02424794FED79D3778A777AF /* PrivacyInfo.xcprivacy */ = {isa = PBXFileReference; path = PrivacyInfo.xcprivacy; sourceTree = "<group>"; };
		04AAFC420893BD6BE17A8FA7 /* MonitorViewModel.swift */ = {isa = PBXFileReference; lastKnownFileType = sourcecode.swift; path = MonitorViewModel.swift; sourceTree = "<group>"; };
		44520B9DD3E8A3DAD87F3E83 /* QuotaService.swift */ = {isa = PBXFileReference; lastKnownFileType = sourcecode.swift; path = QuotaService.swift; sourceTree = "<group>"; };
		568BE32DB04E784176EE3FF0 /* PanelView.swift */ = {isa = PBXFileReference; lastKnownFileType = sourcecode.swift; path = PanelView.swift; sourceTree = "<group>"; };
		5707DA1B5AAFC2ECCE6F7B46 /* SettingsView.swift */ = {isa = PBXFileReference; lastKnownFileType = sourcecode.swift; path = SettingsView.swift; sourceTree = "<group>"; };
		87C0A1E0355816B0B8C770AE /* CodingPlanMonitor.app */ = {isa = PBXFileReference; explicitFileType = wrapper.application; includeInIndex = 0; path = CodingPlanMonitor.app; sourceTree = BUILT_PRODUCTS_DIR; };
		8842FABD9A85E62E15B67D4E /* CodingPlanMonitorApp.swift */ = {isa = PBXFileReference; lastKnownFileType = sourcecode.swift; path = CodingPlanMonitorApp.swift; sourceTree = "<group>"; };
		E14FEA6DC9AC384C7D406A84 /* Assets.xcassets */ = {isa = PBXFileReference; lastKnownFileType = folder.assetcatalog; path = Assets.xcassets; sourceTree = "<group>"; };
		ED8C835A44CD9AEE1DC3B536 /* Models.swift */ = {isa = PBXFileReference; lastKnownFileType = sourcecode.swift; path = Models.swift; sourceTree = "<group>"; };
/* End PBXFileReference section */

/* Begin PBXGroup section */
		34F4C4F91BB2696FBF4A9AEA = {
			isa = PBXGroup;
			children = (
				E14FEA6DC9AC384C7D406A84 /* Assets.xcassets */,
				02424794FED79D3778A777AF /* PrivacyInfo.xcprivacy */,
				8D86DB07476EB353CAC93670 /* CodingPlanMonitor */,
				AD6AFA05B75FA059C2F83797 /* Products */,
			);
			sourceTree = "<group>";
		};
		8D86DB07476EB353CAC93670 /* CodingPlanMonitor */ = {
			isa = PBXGroup;
			children = (
				8842FABD9A85E62E15B67D4E /* CodingPlanMonitorApp.swift */,
				ED8C835A44CD9AEE1DC3B536 /* Models.swift */,
				04AAFC420893BD6BE17A8FA7 /* MonitorViewModel.swift */,
				568BE32DB04E784176EE3FF0 /* PanelView.swift */,
				44520B9DD3E8A3DAD87F3E83 /* QuotaService.swift */,
				5707DA1B5AAFC2ECCE6F7B46 /* SettingsView.swift */,
			);
			name = CodingPlanMonitor;
			path = Sources/CodingPlanMonitor;
			sourceTree = "<group>";
		};
		AD6AFA05B75FA059C2F83797 /* Products */ = {
			isa = PBXGroup;
			children = (
				87C0A1E0355816B0B8C770AE /* CodingPlanMonitor.app */,
			);
			name = Products;
			sourceTree = "<group>";
		};
/* End PBXGroup section */

/* Begin PBXNativeTarget section */
		61659C13C02CBA6E11F95711 /* CodingPlanMonitor */ = {
			isa = PBXNativeTarget;
			buildConfigurationList = 65361EB4A6E38D990CC4EFC7 /* Build configuration list for PBXNativeTarget "CodingPlanMonitor" */;
			buildPhases = (
				155643184230D330CF7DA108 /* Sources */,
				80BFB40A3A3E4BDFC3633CA1 /* Resources */,
			);
			buildRules = (
			);
			dependencies = (
			);
			name = CodingPlanMonitor;
			packageProductDependencies = (
			);
			productName = CodingPlanMonitor;
			productReference = 87C0A1E0355816B0B8C770AE /* CodingPlanMonitor.app */;
			productType = "com.apple.product-type.application";
		};
/* End PBXNativeTarget section */

/* Begin PBXProject section */
		3611680D4689A3F1A65B48C2 /* Project object */ = {
			isa = PBXProject;
			attributes = {
				BuildIndependentTargetsInParallel = YES;
				LastUpgradeCheck = 1430;
				TargetAttributes = {
					61659C13C02CBA6E11F95711 = {
						DevelopmentTeam = 2CV6VKVD26;
						ProvisioningStyle = Automatic;
					};
				};
			};
			buildConfigurationList = A19D91D87A77014A75BEC683 /* Build configuration list for PBXProject "CodingPlanMonitor" */;
			developmentRegion = en;
			hasScannedForEncodings = 0;
			knownRegions = (
				Base,
				en,
			);
			mainGroup = 34F4C4F91BB2696FBF4A9AEA;
			minimizedProjectReferenceProxies = 1;
			preferredProjectObjectVersion = 77;
			productRefGroup = AD6AFA05B75FA059C2F83797 /* Products */;
			projectDirPath = "";
			projectRoot = "";
			targets = (
				61659C13C02CBA6E11F95711 /* CodingPlanMonitor */,
			);
		};
/* End PBXProject section */

/* Begin PBXResourcesBuildPhase section */
		80BFB40A3A3E4BDFC3633CA1 /* Resources */ = {
			isa = PBXResourcesBuildPhase;
			buildActionMask = 2147483647;
			files = (
				18E06ECB45BAB9F66FB8F81D /* Assets.xcassets in Resources */,
				B952A3DBD5E66D599A504C6C /* PrivacyInfo.xcprivacy in Resources */,
			);
			runOnlyForDeploymentPostprocessing = 0;
		};
/* End PBXResourcesBuildPhase section */

/* Begin PBXSourcesBuildPhase section */
		155643184230D330CF7DA108 /* Sources */ = {
			isa = PBXSourcesBuildPhase;
			buildActionMask = 2147483647;
			files = (
				49532DDA76FF1F8382744539 /* CodingPlanMonitorApp.swift in Sources */,
				19670FA9918A6A2C925F4673 /* Models.swift in Sources */,
				5B171DC2FB0B06A49A952A76 /* MonitorViewModel.swift in Sources */,
				6E9165C02FCDB29545FA007F /* PanelView.swift in Sources */,
				5EA2B3A5E882ED3C6B2A341B /* QuotaService.swift in Sources */,
				9CA97EA013229047828CBF82 /* SettingsView.swift in Sources */,
			);
			runOnlyForDeploymentPostprocessing = 0;
		};
/* End PBXSourcesBuildPhase section */

/* Begin XCBuildConfiguration section */
		3E543CEBA4F287FA83492045 /* Debug */ = {
			isa = XCBuildConfiguration;
			buildSettings = {
				ASSETCATALOG_COMPILER_APPICON_NAME = AppIcon;
				ASSETCATALOG_COMPILER_GLOBAL_ACCENT_COLOR_NAME = "";
				CODE_SIGN_ENTITLEMENTS = CodingPlanMonitor.entitlements;
				CODE_SIGN_IDENTITY = "-";
				CODE_SIGN_STYLE = Automatic;
				COMBINE_HIDPI_IMAGES = YES;
				CURRENT_PROJECT_VERSION = 1;
				DEVELOPMENT_TEAM = 2CV6VKVD26;
				ENABLE_HARDENED_RUNTIME = YES;
				GENERATE_INFOPLIST_FILE = YES;
				INFOPLIST_KEY_CFBundleDisplayName = "Coding Plan Monitor";
				INFOPLIST_KEY_ITSAppUsesNonExemptEncryption = NO;
				INFOPLIST_KEY_LSApplicationCategoryType = "public.app-category.utilities";
				INFOPLIST_KEY_LSUIElement = YES;
				INFOPLIST_KEY_NSHumanReadableCopyright = "";
				LD_RUNPATH_SEARCH_PATHS = (
					"$(inherited)",
					"@executable_path/../Frameworks",
				);
				MARKETING_VERSION = 1.0;
				PRODUCT_BUNDLE_IDENTIFIER = com.lizhen.CodingPlanMonitor;
				PRODUCT_NAME = "Coding Plan Monitor";
				SDKROOT = macosx;
				SWIFT_VERSION = 6.0;
			};
			name = Debug;
		};
		4ACCE4A4C3AA7318FA00902F /* Release */ = {
			isa = XCBuildConfiguration;
			buildSettings = {
				ALWAYS_SEARCH_USER_PATHS = NO;
				CLANG_ANALYZER_NONNULL = YES;
				CLANG_ANALYZER_NUMBER_OBJECT_CONVERSION = YES_AGGRESSIVE;
				CLANG_CXX_LANGUAGE_STANDARD = "gnu++14";
				CLANG_CXX_LIBRARY = "libc++";
				CLANG_ENABLE_MODULES = YES;
				CLANG_ENABLE_OBJC_ARC = YES;
				CLANG_ENABLE_OBJC_WEAK = YES;
				CLANG_WARN_BLOCK_CAPTURE_AUTORELEASING = YES;
				CLANG_WARN_BOOL_CONVERSION = YES;
				CLANG_WARN_COMMA = YES;
				CLANG_WARN_CONSTANT_CONVERSION = YES;
				CLANG_WARN_DEPRECATED_OBJC_IMPLEMENTATIONS = YES;
				CLANG_WARN_DIRECT_OBJC_ISA_USAGE = YES_ERROR;
				CLANG_WARN_DOCUMENTATION_COMMENTS = YES;
				CLANG_WARN_EMPTY_BODY = YES;
				CLANG_WARN_ENUM_CONVERSION = YES;
				CLANG_WARN_INFINITE_RECURSION = YES;
				CLANG_WARN_INT_CONVERSION = YES;
				CLANG_WARN_NON_LITERAL_NULL_CONVERSION = YES;
				CLANG_WARN_OBJC_IMPLICIT_RETAIN_SELF = YES;
				CLANG_WARN_OBJC_LITERAL_CONVERSION = YES;
				CLANG_WARN_OBJC_ROOT_CLASS = YES_ERROR;
				CLANG_WARN_QUOTED_INCLUDE_IN_FRAMEWORK_HEADER = YES;
				CLANG_WARN_RANGE_LOOP_ANALYSIS = YES;
				CLANG_WARN_STRICT_PROTOTYPES = YES;
				CLANG_WARN_SUSPICIOUS_MOVE = YES;
				CLANG_WARN_UNGUARDED_AVAILABILITY = YES_AGGRESSIVE;
				CLANG_WARN_UNREACHABLE_CODE = YES;
				CLANG_WARN__DUPLICATE_METHOD_MATCH = YES;
				COPY_PHASE_STRIP = NO;
				DEBUG_INFORMATION_FORMAT = "dwarf-with-dsym";
				ENABLE_NS_ASSERTIONS = NO;
				ENABLE_STRICT_OBJC_MSGSEND = YES;
				GCC_C_LANGUAGE_STANDARD = gnu11;
				GCC_NO_COMMON_BLOCKS = YES;
				GCC_WARN_64_TO_32_BIT_CONVERSION = YES;
				GCC_WARN_ABOUT_RETURN_TYPE = YES_ERROR;
				GCC_WARN_UNDECLARED_SELECTOR = YES;
				GCC_WARN_UNINITIALIZED_AUTOS = YES_AGGRESSIVE;
				GCC_WARN_UNUSED_FUNCTION = YES;
				GCC_WARN_UNUSED_VARIABLE = YES;
				MACOSX_DEPLOYMENT_TARGET = 14.0;
				MTL_ENABLE_DEBUG_INFO = NO;
				MTL_FAST_MATH = YES;
				PRODUCT_NAME = "$(TARGET_NAME)";
				SDKROOT = macosx;
				SWIFT_COMPILATION_MODE = wholemodule;
				SWIFT_OPTIMIZATION_LEVEL = "-O";
				SWIFT_VERSION = 5.0;
			};
			name = Release;
		};
		989DA8DCA99DAF3005370506 /* Release */ = {
			isa = XCBuildConfiguration;
			buildSettings = {
				ASSETCATALOG_COMPILER_APPICON_NAME = AppIcon;
				ASSETCATALOG_COMPILER_GLOBAL_ACCENT_COLOR_NAME = "";
				CODE_SIGN_ENTITLEMENTS = CodingPlanMonitor.entitlements;
				CODE_SIGN_IDENTITY = "Apple Development";
				CODE_SIGN_STYLE = Automatic;
				COMBINE_HIDPI_IMAGES = YES;
				CURRENT_PROJECT_VERSION = 1;
				DEVELOPMENT_TEAM = 2CV6VKVD26;
				ENABLE_HARDENED_RUNTIME = YES;
				GENERATE_INFOPLIST_FILE = YES;
				INFOPLIST_KEY_CFBundleDisplayName = "Coding Plan Monitor";
				INFOPLIST_KEY_ITSAppUsesNonExemptEncryption = NO;
				INFOPLIST_KEY_LSApplicationCategoryType = "public.app-category.utilities";
				INFOPLIST_KEY_LSUIElement = YES;
				INFOPLIST_KEY_NSHumanReadableCopyright = "";
				LD_RUNPATH_SEARCH_PATHS = (
					"$(inherited)",
					"@executable_path/../Frameworks",
				);
				MARKETING_VERSION = 1.0;
				PRODUCT_BUNDLE_IDENTIFIER = com.lizhen.CodingPlanMonitor;
				PRODUCT_NAME = "Coding Plan Monitor";
				SDKROOT = macosx;
				SWIFT_VERSION = 6.0;
			};
			name = Release;
		};
		FCA4343769D42E7C7212EFE4 /* Debug */ = {
			isa = XCBuildConfiguration;
			buildSettings = {
				ALWAYS_SEARCH_USER_PATHS = NO;
				CLANG_ANALYZER_NONNULL = YES;
				CLANG_ANALYZER_NUMBER_OBJECT_CONVERSION = YES_AGGRESSIVE;
				CLANG_CXX_LANGUAGE_STANDARD = "gnu++14";
				CLANG_CXX_LIBRARY = "libc++";
				CLANG_ENABLE_MODULES = YES;
				CLANG_ENABLE_OBJC_ARC = YES;
				CLANG_ENABLE_OBJC_WEAK = YES;
				CLANG_WARN_BLOCK_CAPTURE_AUTORELEASING = YES;
				CLANG_WARN_BOOL_CONVERSION = YES;
				CLANG_WARN_COMMA = YES;
				CLANG_WARN_CONSTANT_CONVERSION = YES;
				CLANG_WARN_DEPRECATED_OBJC_IMPLEMENTATIONS = YES;
				CLANG_WARN_DIRECT_OBJC_ISA_USAGE = YES_ERROR;
				CLANG_WARN_DOCUMENTATION_COMMENTS = YES;
				CLANG_WARN_EMPTY_BODY = YES;
				CLANG_WARN_ENUM_CONVERSION = YES;
				CLANG_WARN_INFINITE_RECURSION = YES;
				CLANG_WARN_INT_CONVERSION = YES;
				CLANG_WARN_NON_LITERAL_NULL_CONVERSION = YES;
				CLANG_WARN_OBJC_IMPLICIT_RETAIN_SELF = YES;
				CLANG_WARN_OBJC_LITERAL_CONVERSION = YES;
				CLANG_WARN_OBJC_ROOT_CLASS = YES_ERROR;
				CLANG_WARN_QUOTED_INCLUDE_IN_FRAMEWORK_HEADER = YES;
				CLANG_WARN_RANGE_LOOP_ANALYSIS = YES;
				CLANG_WARN_STRICT_PROTOTYPES = YES;
				CLANG_WARN_SUSPICIOUS_MOVE = YES;
				CLANG_WARN_UNGUARDED_AVAILABILITY = YES_AGGRESSIVE;
				CLANG_WARN_UNREACHABLE_CODE = YES;
				CLANG_WARN__DUPLICATE_METHOD_MATCH = YES;
				COPY_PHASE_STRIP = NO;
				DEBUG_INFORMATION_FORMAT = dwarf;
				ENABLE_STRICT_OBJC_MSGSEND = YES;
				ENABLE_TESTABILITY = YES;
				GCC_C_LANGUAGE_STANDARD = gnu11;
				GCC_DYNAMIC_NO_PIC = NO;
				GCC_NO_COMMON_BLOCKS = YES;
				GCC_OPTIMIZATION_LEVEL = 0;
				GCC_PREPROCESSOR_DEFINITIONS = (
					"$(inherited)",
					"DEBUG=1",
				);
				GCC_WARN_64_TO_32_BIT_CONVERSION = YES;
				GCC_WARN_ABOUT_RETURN_TYPE = YES_ERROR;
				GCC_WARN_UNDECLARED_SELECTOR = YES;
				GCC_WARN_UNINITIALIZED_AUTOS = YES_AGGRESSIVE;
				GCC_WARN_UNUSED_FUNCTION = YES;
				GCC_WARN_UNUSED_VARIABLE = YES;
				MACOSX_DEPLOYMENT_TARGET = 14.0;
				MTL_ENABLE_DEBUG_INFO = INCLUDE_SOURCE;
				MTL_FAST_MATH = YES;
				ONLY_ACTIVE_ARCH = YES;
				PRODUCT_NAME = "$(TARGET_NAME)";
				SDKROOT = macosx;
				SWIFT_ACTIVE_COMPILATION_CONDITIONS = DEBUG;
				SWIFT_OPTIMIZATION_LEVEL = "-Onone";
				SWIFT_VERSION = 5.0;
			};
			name = Debug;
		};
/* End XCBuildConfiguration section */

/* Begin XCConfigurationList section */
		65361EB4A6E38D990CC4EFC7 /* Build configuration list for PBXNativeTarget "CodingPlanMonitor" */ = {
			isa = XCConfigurationList;
			buildConfigurations = (
				3E543CEBA4F287FA83492045 /* Debug */,
				989DA8DCA99DAF3005370506 /* Release */,
			);
			defaultConfigurationIsVisible = 0;
			defaultConfigurationName = Debug;
		};
		A19D91D87A77014A75BEC683 /* Build configuration list for PBXProject "CodingPlanMonitor" */ = {
			isa = XCConfigurationList;
			buildConfigurations = (
				FCA4343769D42E7C7212EFE4 /* Debug */,
				4ACCE4A4C3AA7318FA00902F /* Release */,
			);
			defaultConfigurationIsVisible = 0;
			defaultConfigurationName = Debug;
		};
/* End XCConfigurationList section */
	};
	rootObject = 3611680D4689A3F1A65B48C2 /* Project object */;
}
