// !$*UTF8*$!
{
	archiveVersion = 1;
	classes = {
	};
	objectVersion = 77;
	objects = {

/* Begin PBXBuildFile section */
		0145EC7A319AA5D8B07FFF5B /* GeminiService.swift in Sources */ = {isa = PBXBuildFile; fileRef = 245FB736165EBA269BB64F04 /* GeminiService.swift */; };
		020B8EDB0FC441F2E0D3728E /* AlibabaService.swift in Sources */ = {isa = PBXBuildFile; fileRef = FBC813916875E014B006645A /* AlibabaService.swift */; };
		150349750BA580C0A061C68B /* CopilotService.swift in Sources */ = {isa = PBXBuildFile; fileRef = 6E3DB7EA72F1C4D5BCCE6521 /* CopilotService.swift */; };
		18E06ECB45BAB9F66FB8F81D /* Assets.xcassets in Resources */ = {isa = PBXBuildFile; fileRef = E14FEA6DC9AC384C7D406A84 /* Assets.xcassets */; };
		19670FA9918A6A2C925F4673 /* Models.swift in Sources */ = {isa = PBXBuildFile; fileRef = ED8C835A44CD9AEE1DC3B536 /* Models.swift */; };
		1EC4AD6F0F5FEED9A6EEB5B8 /* MiniMaxService.swift in Sources */ = {isa = PBXBuildFile; fileRef = C9079287365E33EC0E0E1867 /* MiniMaxService.swift */; };
		1FACED0F7A5AE642827A4CB1 /* VolcengineSigner.swift in Sources */ = {isa = PBXBuildFile; fileRef = 90966B2814BE134A2A95CB99 /* VolcengineSigner.swift */; };
		35CC72207A61AC3F85DC90A1 /* PanelView.swift in Sources */ = {isa = PBXBuildFile; fileRef = E2F3540CB5965A0FC05DA130 /* PanelView.swift */; };
		4564553821224C5B51526029 /* GLMService.swift in Sources */ = {isa = PBXBuildFile; fileRef = 66386FF350FDADBBF5DFF323 /* GLMService.swift */; };
		49532DDA76FF1F8382744539 /* CodingPlanMonitorApp.swift in Sources */ = {isa = PBXBuildFile; fileRef = 8842FABD9A85E62E15B67D4E /* CodingPlanMonitorApp.swift */; };
		4F998F8FB20B2CB0CCCBC15D /* SharedViews.swift in Sources */ = {isa = PBXBuildFile; fileRef = EDB21C5059FF55922CEFA669 /* SharedViews.swift */; };
		5B171DC2FB0B06A49A952A76 /* MonitorViewModel.swift in Sources */ = {isa = PBXBuildFile; fileRef = 04AAFC420893BD6BE17A8FA7 /* MonitorViewModel.swift */; };
		6B955E12B0E4A50D172E9399 /* VolcengineService.swift in Sources */ = {isa = PBXBuildFile; fileRef = E04576DFC44A54CC3FDBDCE2 /* VolcengineService.swift */; };
		8A457B88EAF4E925EF23BCA0 /* QuotaServiceError.swift in Sources */ = {isa = PBXBuildFile; fileRef = F0FCBDA66A62D684375F7EA3 /* QuotaServiceError.swift */; };
		8DFB637136ED656D574049B7 /* KimiService.swift in Sources */ = {isa = PBXBuildFile; fileRef = F43024DCB2FB845E3A96D27E /* KimiService.swift */; };
		919EB33DBE0B46D6039831DD /* DeepSeekService.swift in Sources */ = {isa = PBXBuildFile; fileRef = 986A2DD1D7D874C5C5598BBE /* DeepSeekService.swift */; };
		9631FFF4B529FE9B4CDD43DB /* AccountSidebarView.swift in Sources */ = {isa = PBXBuildFile; fileRef = 1A5A311ED2AABF5C853A2E86 /* AccountSidebarView.swift */; };
		B952A3DBD5E66D599A504C6C /* PrivacyInfo.xcprivacy in Resources */ = {isa = PBXBuildFile; fileRef = 02424794FED79D3778A777AF /* PrivacyInfo.xcprivacy */; };
		C30F402E5D6B94D3462CBED1 /* SettingsView.swift in Sources */ = {isa = PBXBuildFile; fileRef = 63EB73111FAB397D1E32EA02 /* SettingsView.swift */; };
		C43C5AE0EBD5B2AB773DE4E9 /* DecodingSupport.swift in Sources */ = {isa = PBXBuildFile; fileRef = 25F77C5E4354901055547866 /* DecodingSupport.swift */; };
		F04EBFC19D2E4D41007E8147 /* OpenAIService.swift in Sources */ = {isa = PBXBuildFile; fileRef = 762B0E772166699B14D076DD /* OpenAIService.swift */; };
		FA8532EA69228844B411B4EB /* LocalCredentialImporter.swift in Sources */ = {isa = PBXBuildFile; fileRef = 24AED99A0905BA8D381F01AA /* LocalCredentialImporter.swift */; };
		FA94EABCDF96643877D9A9C1 /* ClaudeService.swift in Sources */ = {isa = PBXBuildFile; fileRef = 99580855490BE2A6412CBBDF /* ClaudeService.swift */; };
/* End PBXBuildFile section */

/* Begin PBXFileReference section */
		02424794FED79D3778A777AF /* PrivacyInfo.xcprivacy */ = {isa = PBXFileReference; path = PrivacyInfo.xcprivacy; sourceTree = "<group>"; };
		04AAFC420893BD6BE17A8FA7 /* MonitorViewModel.swift */ = {isa = PBXFileReference; lastKnownFileType = sourcecode.swift; path = MonitorViewModel.swift; sourceTree = "<group>"; };
		1A5A311ED2AABF5C853A2E86 /* AccountSidebarView.swift */ = {isa = PBXFileReference; lastKnownFileType = sourcecode.swift; path = AccountSidebarView.swift; sourceTree = "<group>"; };
		245FB736165EBA269BB64F04 /* GeminiService.swift */ = {isa = PBXFileReference; lastKnownFileType = sourcecode.swift; path = GeminiService.swift; sourceTree = "<group>"; };
		24AED99A0905BA8D381F01AA /* LocalCredentialImporter.swift */ = {isa = PBXFileReference; lastKnownFileType = sourcecode.swift; path = LocalCredentialImporter.swift; sourceTree = "<group>"; };
		25F77C5E4354901055547866 /* DecodingSupport.swift */ = {isa = PBXFileReference; lastKnownFileType = sourcecode.swift; path = DecodingSupport.swift; sourceTree = "<group>"; };
		63EB73111FAB397D1E32EA02 /* SettingsView.swift */ = {isa = PBXFileReference; lastKnownFileType = sourcecode.swift; path = SettingsView.swift; sourceTree = "<group>"; };
		66386FF350FDADBBF5DFF323 /* GLMService.swift */ = {isa = PBXFileReference; lastKnownFileType = sourcecode.swift; path = GLMService.swift; sourceTree = "<group>"; };
		6E3DB7EA72F1C4D5BCCE6521 /* CopilotService.swift */ = {isa = PBXFileReference; lastKnownFileType = sourcecode.swift; path = CopilotService.swift; sourceTree = "<group>"; };
		762B0E772166699B14D076DD /* OpenAIService.swift */ = {isa = PBXFileReference; lastKnownFileType = sourcecode.swift; path = OpenAIService.swift; sourceTree = "<group>"; };
		87C0A1E0355816B0B8C770AE /* CodingPlanMonitor.app */ = {isa = PBXFileReference; explicitFileType = wrapper.application; includeInIndex = 0; path = CodingPlanMonitor.app; sourceTree = BUILT_PRODUCTS_DIR; };
		8842FABD9A85E62E15B67D4E /* CodingPlanMonitorApp.swift */ = {isa = PBXFileReference; lastKnownFileType = sourcecode.swift; path = CodingPlanMonitorApp.swift; sourceTree = "<group>"; };
		90966B2814BE134A2A95CB99 /* VolcengineSigner.swift */ = {isa = PBXFileReference; lastKnownFileType = sourcecode.swift; path = VolcengineSigner.swift; sourceTree = "<group>"; };
		986A2DD1D7D874C5C5598BBE /* DeepSeekService.swift */ = {isa = PBXFileReference; lastKnownFileType = sourcecode.swift; path = DeepSeekService.swift; sourceTree = "<group>"; };
		99580855490BE2A6412CBBDF /* ClaudeService.swift */ = {isa = PBXFileReference; lastKnownFileType = sourcecode.swift; path = ClaudeService.swift; sourceTree = "<group>"; };
		C9079287365E33EC0E0E1867 /* MiniMaxService.swift */ = {isa = PBXFileReference; lastKnownFileType = sourcecode.swift; path = MiniMaxService.swift; sourceTree = "<group>"; };
		E04576DFC44A54CC3FDBDCE2 /* VolcengineService.swift */ = {isa = PBXFileReference; lastKnownFileType = sourcecode.swift; path = VolcengineService.swift; sourceTree = "<group>"; };
		E14FEA6DC9AC384C7D406A84 /* Assets.xcassets */ = {isa = PBXFileReference; lastKnownFileType = folder.assetcatalog; path = Assets.xcassets; sourceTree = "<group>"; };
		E2F3540CB5965A0FC05DA130 /* PanelView.swift */ = {isa = PBXFileReference; lastKnownFileType = sourcecode.swift; path = PanelView.swift; sourceTree = "<group>"; };
		ED8C835A44CD9AEE1DC3B536 /* Models.swift */ = {isa = PBXFileReference; lastKnownFileType = sourcecode.swift; path = Models.swift; sourceTree = "<group>"; };
		EDB21C5059FF55922CEFA669 /* SharedViews.swift */ = {isa = PBXFileReference; lastKnownFileType = sourcecode.swift; path = SharedViews.swift; sourceTree = "<group>"; };
		F0FCBDA66A62D684375F7EA3 /* QuotaServiceError.swift */ = {isa = PBXFileReference; lastKnownFileType = sourcecode.swift; path = QuotaServiceError.swift; sourceTree = "<group>"; };
		F43024DCB2FB845E3A96D27E /* KimiService.swift */ = {isa = PBXFileReference; lastKnownFileType = sourcecode.swift; path = KimiService.swift; sourceTree = "<group>"; };
		FBC813916875E014B006645A /* AlibabaService.swift */ = {isa = PBXFileReference; lastKnownFileType = sourcecode.swift; path = AlibabaService.swift; sourceTree = "<group>"; };
/* End PBXFileReference section */

/* Begin PBXGroup section */
		34F4C4F91BB2696FBF4A9AEA = {
			isa = PBXGroup;
			children = (
				E14FEA6DC9AC384C7D406A84 /* Assets.xcassets */,
				02424794FED79D3778A777AF /* PrivacyInfo.xcprivacy */,
				8D86DB07476EB353CAC93670 /* CodingPlanMonitor */,
				AD6AFA05B75FA059C2F83797 /* Products */,
			);
			sourceTree = "<group>";
		};
		8D86DB07476EB353CAC93670 /* CodingPlanMonitor */ = {
			isa = PBXGroup;
			children = (
				8842FABD9A85E62E15B67D4E /* CodingPlanMonitorApp.swift */,
				24AED99A0905BA8D381F01AA /* LocalCredentialImporter.swift */,
				ED8C835A44CD9AEE1DC3B536 /* Models.swift */,
				04AAFC420893BD6BE17A8FA7 /* MonitorViewModel.swift */,
				A305EEFB6845E98C76D90755 /* Services */,
				CEF7B18EA69DAFFACFE68629 /* Views */,
			);
			name = CodingPlanMonitor;
			path = Sources/CodingPlanMonitor;
			sourceTree = "<group>";
		};
		A305EEFB6845E98C76D90755 /* Services */ = {
			isa = PBXGroup;
			children = (
				FBC813916875E014B006645A /* AlibabaService.swift */,
				99580855490BE2A6412CBBDF /* ClaudeService.swift */,
				6E3DB7EA72F1C4D5BCCE6521 /* CopilotService.swift */,
				25F77C5E4354901055547866 /* DecodingSupport.swift */,
				986A2DD1D7D874C5C5598BBE /* DeepSeekService.swift */,
				245FB736165EBA269BB64F04 /* GeminiService.swift */,
				66386FF350FDADBBF5DFF323 /* GLMService.swift */,
				F43024DCB2FB845E3A96D27E /* KimiService.swift */,
				C9079287365E33EC0E0E1867 /* MiniMaxService.swift */,
				762B0E772166699B14D076DD /* OpenAIService.swift */,
				F0FCBDA66A62D684375F7EA3 /* QuotaServiceError.swift */,
				E04576DFC44A54CC3FDBDCE2 /* VolcengineService.swift */,
				90966B2814BE134A2A95CB99 /* VolcengineSigner.swift */,
			);
			path = Services;
			sourceTree = "<group>";
		};
		AD6AFA05B75FA059C2F83797 /* Products */ = {
			isa = PBXGroup;
			children = (
				87C0A1E0355816B0B8C770AE /* CodingPlanMonitor.app */,
			);
			name = Products;
			sourceTree = "<group>";
		};
		CEF7B18EA69DAFFACFE68629 /* Views */ = {
			isa = PBXGroup;
			children = (
				1A5A311ED2AABF5C853A2E86 /* AccountSidebarView.swift */,
				E2F3540CB5965A0FC05DA130 /* PanelView.swift */,
				63EB73111FAB397D1E32EA02 /* SettingsView.swift */,
				EDB21C5059FF55922CEFA669 /* SharedViews.swift */,
			);
			path = Views;
			sourceTree = "<group>";
		};
/* End PBXGroup section */

/* Begin PBXNativeTarget section */
		61659C13C02CBA6E11F95711 /* CodingPlanMonitor */ = {
			isa = PBXNativeTarget;
			buildConfigurationList = 65361EB4A6E38D990CC4EFC7 /* Build configuration list for PBXNativeTarget "CodingPlanMonitor" */;
			buildPhases = (
				155643184230D330CF7DA108 /* Sources */,
				80BFB40A3A3E4BDFC3633CA1 /* Resources */,
			);
			buildRules = (
			);
			dependencies = (
			);
			name = CodingPlanMonitor;
			packageProductDependencies = (
			);
			productName = CodingPlanMonitor;
			productReference = 87C0A1E0355816B0B8C770AE /* CodingPlanMonitor.app */;
			productType = "com.apple.product-type.application";
		};
/* End PBXNativeTarget section */

/* Begin PBXProject section */
		3611680D4689A3F1A65B48C2 /* Project object */ = {
			isa = PBXProject;
			attributes = {
				BuildIndependentTargetsInParallel = YES;
				LastUpgradeCheck = 1430;
				TargetAttributes = {
					61659C13C02CBA6E11F95711 = {
						DevelopmentTeam = 2CV6VKVD26;
						ProvisioningStyle = Automatic;
					};
				};
			};
			buildConfigurationList = A19D91D87A77014A75BEC683 /* Build configuration list for PBXProject "CodingPlanMonitor" */;
			developmentRegion = en;
			hasScannedForEncodings = 0;
			knownRegions = (
				Base,
				en,
			);
			mainGroup = 34F4C4F91BB2696FBF4A9AEA;
			minimizedProjectReferenceProxies = 1;
			preferredProjectObjectVersion = 77;
			productRefGroup = AD6AFA05B75FA059C2F83797 /* Products */;
			projectDirPath = "";
			projectRoot = "";
			targets = (
				61659C13C02CBA6E11F95711 /* CodingPlanMonitor */,
			);
		};
/* End PBXProject section */

/* Begin PBXResourcesBuildPhase section */
		80BFB40A3A3E4BDFC3633CA1 /* Resources */ = {
			isa = PBXResourcesBuildPhase;
			buildActionMask = 2147483647;
			files = (
				18E06ECB45BAB9F66FB8F81D /* Assets.xcassets in Resources */,
				B952A3DBD5E66D599A504C6C /* PrivacyInfo.xcprivacy in Resources */,
			);
			runOnlyForDeploymentPostprocessing = 0;
		};
/* End PBXResourcesBuildPhase section */

/* Begin PBXSourcesBuildPhase section */
		155643184230D330CF7DA108 /* Sources */ = {
			isa = PBXSourcesBuildPhase;
			buildActionMask = 2147483647;
			files = (
				9631FFF4B529FE9B4CDD43DB /* AccountSidebarView.swift in Sources */,
				020B8EDB0FC441F2E0D3728E /* AlibabaService.swift in Sources */,
				FA94EABCDF96643877D9A9C1 /* ClaudeService.swift in Sources */,
				49532DDA76FF1F8382744539 /* CodingPlanMonitorApp.swift in Sources */,
				150349750BA580C0A061C68B /* CopilotService.swift in Sources */,
				C43C5AE0EBD5B2AB773DE4E9 /* DecodingSupport.swift in Sources */,
				919EB33DBE0B46D6039831DD /* DeepSeekService.swift in Sources */,
				4564553821224C5B51526029 /* GLMService.swift in Sources */,
				0145EC7A319AA5D8B07FFF5B /* GeminiService.swift in Sources */,
				8DFB637136ED656D574049B7 /* KimiService.swift in Sources */,
				FA8532EA69228844B411B4EB /* LocalCredentialImporter.swift in Sources */,
				1EC4AD6F0F5FEED9A6EEB5B8 /* MiniMaxService.swift in Sources */,
				19670FA9918A6A2C925F4673 /* Models.swift in Sources */,
				5B171DC2FB0B06A49A952A76 /* MonitorViewModel.swift in Sources */,
				F04EBFC19D2E4D41007E8147 /* OpenAIService.swift in Sources */,
				35CC72207A61AC3F85DC90A1 /* PanelView.swift in Sources */,
				8A457B88EAF4E925EF23BCA0 /* QuotaServiceError.swift in Sources */,
				C30F402E5D6B94D3462CBED1 /* SettingsView.swift in Sources */,
				4F998F8FB20B2CB0CCCBC15D /* SharedViews.swift in Sources */,
				6B955E12B0E4A50D172E9399 /* VolcengineService.swift in Sources */,
				1FACED0F7A5AE642827A4CB1 /* VolcengineSigner.swift in Sources */,
			);
			runOnlyForDeploymentPostprocessing = 0;
		};
/* End PBXSourcesBuildPhase section */

/* Begin XCBuildConfiguration section */
		3E543CEBA4F287FA83492045 /* Debug */ = {
			isa = XCBuildConfiguration;
			buildSettings = {
				ASSETCATALOG_COMPILER_APPICON_NAME = AppIcon;
				ASSETCATALOG_COMPILER_GLOBAL_ACCENT_COLOR_NAME = "";
				CODE_SIGN_ENTITLEMENTS = CodingPlanMonitor.entitlements;
				CODE_SIGN_IDENTITY = "-";
				CODE_SIGN_STYLE = Automatic;
				COMBINE_HIDPI_IMAGES = YES;
				CURRENT_PROJECT_VERSION = 3;
				DEVELOPMENT_TEAM = 2CV6VKVD26;
				ENABLE_HARDENED_RUNTIME = YES;
				GENERATE_INFOPLIST_FILE = YES;
				INFOPLIST_KEY_CFBundleDisplayName = "Coding Plan Monitor";
				INFOPLIST_KEY_ITSAppUsesNonExemptEncryption = NO;
				INFOPLIST_KEY_LSApplicationCategoryType = "public.app-category.utilities";
				INFOPLIST_KEY_LSUIElement = YES;
				INFOPLIST_KEY_NSHumanReadableCopyright = "";
				LD_RUNPATH_SEARCH_PATHS = (
					"$(inherited)",
					"@executable_path/../Frameworks",
				);
				MARKETING_VERSION = 1.0;
				PRODUCT_BUNDLE_IDENTIFIER = com.lizhen.CodingPlanMonitor;
				PRODUCT_NAME = "Coding Plan Monitor";
				SDKROOT = macosx;
				SWIFT_VERSION = 6.0;
			};
			name = Debug;
		};
		4ACCE4A4C3AA7318FA00902F /* Release */ = {
			isa = XCBuildConfiguration;
			buildSettings = {
				ALWAYS_SEARCH_USER_PATHS = NO;
				CLANG_ANALYZER_NONNULL = YES;
				CLANG_ANALYZER_NUMBER_OBJECT_CONVERSION = YES_AGGRESSIVE;
				CLANG_CXX_LANGUAGE_STANDARD = "gnu++14";
				CLANG_CXX_LIBRARY = "libc++";
				CLANG_ENABLE_MODULES = YES;
				CLANG_ENABLE_OBJC_ARC = YES;
				CLANG_ENABLE_OBJC_WEAK = YES;
				CLANG_WARN_BLOCK_CAPTURE_AUTORELEASING = YES;
				CLANG_WARN_BOOL_CONVERSION = YES;
				CLANG_WARN_COMMA = YES;
				CLANG_WARN_CONSTANT_CONVERSION = YES;
				CLANG_WARN_DEPRECATED_OBJC_IMPLEMENTATIONS = YES;
				CLANG_WARN_DIRECT_OBJC_ISA_USAGE = YES_ERROR;
				CLANG_WARN_DOCUMENTATION_COMMENTS = YES;
				CLANG_WARN_EMPTY_BODY = YES;
				CLANG_WARN_ENUM_CONVERSION = YES;
				CLANG_WARN_INFINITE_RECURSION = YES;
				CLANG_WARN_INT_CONVERSION = YES;
				CLANG_WARN_NON_LITERAL_NULL_CONVERSION = YES;
				CLANG_WARN_OBJC_IMPLICIT_RETAIN_SELF = YES;
				CLANG_WARN_OBJC_LITERAL_CONVERSION = YES;
				CLANG_WARN_OBJC_ROOT_CLASS = YES_ERROR;
				CLANG_WARN_QUOTED_INCLUDE_IN_FRAMEWORK_HEADER = YES;
				CLANG_WARN_RANGE_LOOP_ANALYSIS = YES;
				CLANG_WARN_STRICT_PROTOTYPES = YES;
				CLANG_WARN_SUSPICIOUS_MOVE = YES;
				CLANG_WARN_UNGUARDED_AVAILABILITY = YES_AGGRESSIVE;
				CLANG_WARN_UNREACHABLE_CODE = YES;
				CLANG_WARN__DUPLICATE_METHOD_MATCH = YES;
				COPY_PHASE_STRIP = NO;
				DEBUG_INFORMATION_FORMAT = "dwarf-with-dsym";
				ENABLE_NS_ASSERTIONS = NO;
				ENABLE_STRICT_OBJC_MSGSEND = YES;
				GCC_C_LANGUAGE_STANDARD = gnu11;
				GCC_NO_COMMON_BLOCKS = YES;
				GCC_WARN_64_TO_32_BIT_CONVERSION = YES;
				GCC_WARN_ABOUT_RETURN_TYPE = YES_ERROR;
				GCC_WARN_UNDECLARED_SELECTOR = YES;
				GCC_WARN_UNINITIALIZED_AUTOS = YES_AGGRESSIVE;
				GCC_WARN_UNUSED_FUNCTION = YES;
				GCC_WARN_UNUSED_VARIABLE = YES;
				MACOSX_DEPLOYMENT_TARGET = 14.0;
				MTL_ENABLE_DEBUG_INFO = NO;
				MTL_FAST_MATH = YES;
				PRODUCT_NAME = "$(TARGET_NAME)";
				SDKROOT = macosx;
				SWIFT_COMPILATION_MODE = wholemodule;
				SWIFT_OPTIMIZATION_LEVEL = "-O";
				SWIFT_VERSION = 5.0;
			};
			name = Release;
		};
		989DA8DCA99DAF3005370506 /* Release */ = {
			isa = XCBuildConfiguration;
			buildSettings = {
				ASSETCATALOG_COMPILER_APPICON_NAME = AppIcon;
				ASSETCATALOG_COMPILER_GLOBAL_ACCENT_COLOR_NAME = "";
				CODE_SIGN_ENTITLEMENTS = CodingPlanMonitor.entitlements;
				CODE_SIGN_IDENTITY = "Apple Development";
				CODE_SIGN_STYLE = Automatic;
				COMBINE_HIDPI_IMAGES = YES;
				CURRENT_PROJECT_VERSION = 3;
				DEVELOPMENT_TEAM = 2CV6VKVD26;
				ENABLE_HARDENED_RUNTIME = YES;
				GENERATE_INFOPLIST_FILE = YES;
				INFOPLIST_KEY_CFBundleDisplayName = "Coding Plan Monitor";
				INFOPLIST_KEY_ITSAppUsesNonExemptEncryption = NO;
				INFOPLIST_KEY_LSApplicationCategoryType = "public.app-category.utilities";
				INFOPLIST_KEY_LSUIElement = YES;
				INFOPLIST_KEY_NSHumanReadableCopyright = "";
				LD_RUNPATH_SEARCH_PATHS = (
					"$(inherited)",
					"@executable_path/../Frameworks",
				);
				MARKETING_VERSION = 1.0;
				PRODUCT_BUNDLE_IDENTIFIER = com.lizhen.CodingPlanMonitor;
				PRODUCT_NAME = "Coding Plan Monitor";
				SDKROOT = macosx;
				SWIFT_VERSION = 6.0;
			};
			name = Release;
		};
		FCA4343769D42E7C7212EFE4 /* Debug */ = {
			isa = XCBuildConfiguration;
			buildSettings = {
				ALWAYS_SEARCH_USER_PATHS = NO;
				CLANG_ANALYZER_NONNULL = YES;
				CLANG_ANALYZER_NUMBER_OBJECT_CONVERSION = YES_AGGRESSIVE;
				CLANG_CXX_LANGUAGE_STANDARD = "gnu++14";
				CLANG_CXX_LIBRARY = "libc++";
				CLANG_ENABLE_MODULES = YES;
				CLANG_ENABLE_OBJC_ARC = YES;
				CLANG_ENABLE_OBJC_WEAK = YES;
				CLANG_WARN_BLOCK_CAPTURE_AUTORELEASING = YES;
				CLANG_WARN_BOOL_CONVERSION = YES;
				CLANG_WARN_COMMA = YES;
				CLANG_WARN_CONSTANT_CONVERSION = YES;
				CLANG_WARN_DEPRECATED_OBJC_IMPLEMENTATIONS = YES;
				CLANG_WARN_DIRECT_OBJC_ISA_USAGE = YES_ERROR;
				CLANG_WARN_DOCUMENTATION_COMMENTS = YES;
				CLANG_WARN_EMPTY_BODY = YES;
				CLANG_WARN_ENUM_CONVERSION = YES;
				CLANG_WARN_INFINITE_RECURSION = YES;
				CLANG_WARN_INT_CONVERSION = YES;
				CLANG_WARN_NON_LITERAL_NULL_CONVERSION = YES;
				CLANG_WARN_OBJC_IMPLICIT_RETAIN_SELF = YES;
				CLANG_WARN_OBJC_LITERAL_CONVERSION = YES;
				CLANG_WARN_OBJC_ROOT_CLASS = YES_ERROR;
				CLANG_WARN_QUOTED_INCLUDE_IN_FRAMEWORK_HEADER = YES;
				CLANG_WARN_RANGE_LOOP_ANALYSIS = YES;
				CLANG_WARN_STRICT_PROTOTYPES = YES;
				CLANG_WARN_SUSPICIOUS_MOVE = YES;
				CLANG_WARN_UNGUARDED_AVAILABILITY = YES_AGGRESSIVE;
				CLANG_WARN_UNREACHABLE_CODE = YES;
				CLANG_WARN__DUPLICATE_METHOD_MATCH = YES;
				COPY_PHASE_STRIP = NO;
				DEBUG_INFORMATION_FORMAT = dwarf;
				ENABLE_STRICT_OBJC_MSGSEND = YES;
				ENABLE_TESTABILITY = YES;
				GCC_C_LANGUAGE_STANDARD = gnu11;
				GCC_DYNAMIC_NO_PIC = NO;
				GCC_NO_COMMON_BLOCKS = YES;
				GCC_OPTIMIZATION_LEVEL = 0;
				GCC_PREPROCESSOR_DEFINITIONS = (
					"$(inherited)",
					"DEBUG=1",
				);
				GCC_WARN_64_TO_32_BIT_CONVERSION = YES;
				GCC_WARN_ABOUT_RETURN_TYPE = YES_ERROR;
				GCC_WARN_UNDECLARED_SELECTOR = YES;
				GCC_WARN_UNINITIALIZED_AUTOS = YES_AGGRESSIVE;
				GCC_WARN_UNUSED_FUNCTION = YES;
				GCC_WARN_UNUSED_VARIABLE = YES;
				MACOSX_DEPLOYMENT_TARGET = 14.0;
				MTL_ENABLE_DEBUG_INFO = INCLUDE_SOURCE;
				MTL_FAST_MATH = YES;
				ONLY_ACTIVE_ARCH = YES;
				PRODUCT_NAME = "$(TARGET_NAME)";
				SDKROOT = macosx;
				SWIFT_ACTIVE_COMPILATION_CONDITIONS = DEBUG;
				SWIFT_OPTIMIZATION_LEVEL = "-Onone";
				SWIFT_VERSION = 5.0;
			};
			name = Debug;
		};
/* End XCBuildConfiguration section */

/* Begin XCConfigurationList section */
		65361EB4A6E38D990CC4EFC7 /* Build configuration list for PBXNativeTarget "CodingPlanMonitor" */ = {
			isa = XCConfigurationList;
			buildConfigurations = (
				3E543CEBA4F287FA83492045 /* Debug */,
				989DA8DCA99DAF3005370506 /* Release */,
			);
			defaultConfigurationIsVisible = 0;
			defaultConfigurationName = Debug;
		};
		A19D91D87A77014A75BEC683 /* Build configuration list for PBXProject "CodingPlanMonitor" */ = {
			isa = XCConfigurationList;
			buildConfigurations = (
				FCA4343769D42E7C7212EFE4 /* Debug */,
				4ACCE4A4C3AA7318FA00902F /* Release */,
			);
			defaultConfigurationIsVisible = 0;
			defaultConfigurationName = Debug;
		};
/* End XCConfigurationList section */
	};
	rootObject = 3611680D4689A3F1A65B48C2 /* Project object */;
}
